
Microsoft Visual Studio Solution File, Format Version 12.00
# Visual Studio 2012
Project("{FAE04EC0-301F-11D3-BF4B-00C04F79EFBC}") = "Fougerite", "Fougerite\Fougerite.csproj", "{BD30E9D1-3322-48A4-B846-A969E32DC3F3}"
EndProject
Project("{FAE04EC0-301F-11D3-BF4B-00C04F79EFBC}") = "Fougerite.Patcher", "Fougerite.Patcher\Fougerite.Patcher.csproj", "{935412BA-2118-488D-839A-AAB76E60BA8C}"
EndProject
Global
	GlobalSection(SolutionConfigurationPlatforms) = preSolution
		Debug|x86 = Debug|x86
		Release|x86 = Release|x86
	EndGlobalSection
	GlobalSection(ProjectConfigurationPlatforms) = postSolution
		{BD30E9D1-3322-48A4-B846-A969E32DC3F3}.Debug|x86.ActiveCfg = Debug|x86
		{BD30E9D1-3322-48A4-B846-A969E32DC3F3}.Debug|x86.Build.0 = Debug|x86
		{BD30E9D1-3322-48A4-B846-A969E32DC3F3}.Release|x86.ActiveCfg = Release|x86
		{BD30E9D1-3322-48A4-B846-A969E32DC3F3}.Release|x86.Build.0 = Release|x86
		{935412BA-2118-488D-839A-AAB76E60BA8C}.Debug|x86.ActiveCfg = Debug|x86
		{935412BA-2118-488D-839A-AAB76E60BA8C}.Debug|x86.Build.0 = Debug|x86
		{935412BA-2118-488D-839A-AAB76E60BA8C}.Release|x86.ActiveCfg = Release|x86
		{935412BA-2118-488D-839A-AAB76E60BA8C}.Release|x86.Build.0 = Release|x86
	EndGlobalSection
	GlobalSection(SolutionProperties) = preSolution
		HideSolutionNode = FALSE
	EndGlobalSection
EndGlobal
