
Microsoft Visual Studio Solution File, Format Version 12.00
# Visual Studio 2012
VisualStudioVersion = 12.0.21005.1
MinimumVisualStudioVersion = 10.0.40219.1
Project("{FAE04EC0-301F-11D3-BF4B-00C04F79EFBC}") = "Fougerite", "Fougerite\Fougerite.csproj", "{BD30E9D1-3322-48A4-B846-A969E32DC3F3}"
EndProject
Project("{FAE04EC0-301F-11D3-BF4B-00C04F79EFBC}") = "Fougerite.Patcher", "Fougerite.Patcher\Fougerite.Patcher.csproj", "{935412BA-2118-488D-839A-AAB76E60BA8C}"
EndProject
Project("{FAE04EC0-301F-11D3-BF4B-00C04F79EFBC}") = "JintPlugin", "JintPlugin\JintPlugin.csproj", "{D303C351-CAF4-4A3E-910F-E6205EF525BF}"
EndProject
Project("{FAE04EC0-301F-11D3-BF4B-00C04F79EFBC}") = "RustPP", "RustPP\RustPP.csproj", "{EF61739C-9A45-479F-90DE-08D37F4EE653}"
EndProject
Project("{FAE04EC0-301F-11D3-BF4B-00C04F79EFBC}") = "GlitchFix", "GlitchFix\GlitchFix.csproj", "{6413D91E-A987-4C45-8B80-72E8C4D47CD2}"
EndProject
Project("{FAE04EC0-301F-11D3-BF4B-00C04F79EFBC}") = "ServerTests", "ServerTests\ServerTests.csproj", "{50BE50A2-E63A-4928-9D23-7594418452EC}"
EndProject
Project("{FAE04EC0-301F-11D3-BF4B-00C04F79EFBC}") = "Anticheat", "Anticheat\Anticheat.csproj", "{D14D7F1B-53ED-4CAF-881C-0703E1743131}"
EndProject
Global
	GlobalSection(SolutionConfigurationPlatforms) = preSolution
		Debug|Any CPU = Debug|Any CPU
		Release|Any CPU = Release|Any CPU
	EndGlobalSection
	GlobalSection(ProjectConfigurationPlatforms) = postSolution
		{50BE50A2-E63A-4928-9D23-7594418452EC}.Debug|Any CPU.ActiveCfg = Debug|Any CPU
		{50BE50A2-E63A-4928-9D23-7594418452EC}.Debug|Any CPU.Build.0 = Debug|Any CPU
		{50BE50A2-E63A-4928-9D23-7594418452EC}.Release|Any CPU.ActiveCfg = Release|Any CPU
		{50BE50A2-E63A-4928-9D23-7594418452EC}.Release|Any CPU.Build.0 = Release|Any CPU
		{6413D91E-A987-4C45-8B80-72E8C4D47CD2}.Debug|Any CPU.ActiveCfg = Debug|Any CPU
		{6413D91E-A987-4C45-8B80-72E8C4D47CD2}.Debug|Any CPU.Build.0 = Debug|Any CPU
		{6413D91E-A987-4C45-8B80-72E8C4D47CD2}.Release|Any CPU.ActiveCfg = Release|Any CPU
		{6413D91E-A987-4C45-8B80-72E8C4D47CD2}.Release|Any CPU.Build.0 = Release|Any CPU
		{935412BA-2118-488D-839A-AAB76E60BA8C}.Debug|Any CPU.ActiveCfg = Debug|Any CPU
		{935412BA-2118-488D-839A-AAB76E60BA8C}.Debug|Any CPU.Build.0 = Debug|Any CPU
		{935412BA-2118-488D-839A-AAB76E60BA8C}.Release|Any CPU.ActiveCfg = Release|Any CPU
		{935412BA-2118-488D-839A-AAB76E60BA8C}.Release|Any CPU.Build.0 = Release|Any CPU
		{BD30E9D1-3322-48A4-B846-A969E32DC3F3}.Debug|Any CPU.ActiveCfg = Debug|Any CPU
		{BD30E9D1-3322-48A4-B846-A969E32DC3F3}.Debug|Any CPU.Build.0 = Debug|Any CPU
		{BD30E9D1-3322-48A4-B846-A969E32DC3F3}.Release|Any CPU.ActiveCfg = Release|Any CPU
		{BD30E9D1-3322-48A4-B846-A969E32DC3F3}.Release|Any CPU.Build.0 = Release|Any CPU
		{D14D7F1B-53ED-4CAF-881C-0703E1743131}.Debug|Any CPU.ActiveCfg = Debug|Any CPU
		{D14D7F1B-53ED-4CAF-881C-0703E1743131}.Debug|Any CPU.Build.0 = Debug|Any CPU
		{D14D7F1B-53ED-4CAF-881C-0703E1743131}.Release|Any CPU.ActiveCfg = Release|Any CPU
		{D14D7F1B-53ED-4CAF-881C-0703E1743131}.Release|Any CPU.Build.0 = Release|Any CPU
		{D303C351-CAF4-4A3E-910F-E6205EF525BF}.Debug|Any CPU.ActiveCfg = Debug|Any CPU
		{D303C351-CAF4-4A3E-910F-E6205EF525BF}.Debug|Any CPU.Build.0 = Debug|Any CPU
		{D303C351-CAF4-4A3E-910F-E6205EF525BF}.Release|Any CPU.ActiveCfg = Release|Any CPU
		{D303C351-CAF4-4A3E-910F-E6205EF525BF}.Release|Any CPU.Build.0 = Release|Any CPU
		{EF61739C-9A45-479F-90DE-08D37F4EE653}.Debug|Any CPU.ActiveCfg = Debug|Any CPU
		{EF61739C-9A45-479F-90DE-08D37F4EE653}.Debug|Any CPU.Build.0 = Debug|Any CPU
		{EF61739C-9A45-479F-90DE-08D37F4EE653}.Release|Any CPU.ActiveCfg = Release|Any CPU
		{EF61739C-9A45-479F-90DE-08D37F4EE653}.Release|Any CPU.Build.0 = Release|Any CPU
	EndGlobalSection
	GlobalSection(MonoDevelopProperties) = preSolution
		StartupItem = Fougerite\Fougerite.csproj
	EndGlobalSection
	GlobalSection(SolutionProperties) = preSolution
		HideSolutionNode = FALSE
	EndGlobalSection
EndGlobal
